
Microsoft Visual Studio Solution File, Format Version 12.00
# Visual Studio Version 17
VisualStudioVersion = 17.1.32414.318
MinimumVisualStudioVersion = 10.0.40219.1
Project("{FAE04EC0-301F-11D3-BF4B-00C04F79EFBC}") = "Cwiczenia7", "Cwiczenia7\Cwiczenia7.csproj", "{260FB0B8-DAC0-4233-9A9C-27A76C2F510A}"
EndProject
Global
	GlobalSection(SolutionConfigurationPlatforms) = preSolution
		Debug|Any CPU = Debug|Any CPU
		Release|Any CPU = Release|Any CPU
	EndGlobalSection
	GlobalSection(ProjectConfigurationPlatforms) = postSolution
		{260FB0B8-DAC0-4233-9A9C-27A76C2F510A}.Debug|Any CPU.ActiveCfg = Debug|Any CPU
		{260FB0B8-DAC0-4233-9A9C-27A76C2F510A}.Debug|Any CPU.Build.0 = Debug|Any CPU
		{260FB0B8-DAC0-4233-9A9C-27A76C2F510A}.Release|Any CPU.ActiveCfg = Release|Any CPU
		{260FB0B8-DAC0-4233-9A9C-27A76C2F510A}.Release|Any CPU.Build.0 = Release|Any CPU
	EndGlobalSection
	GlobalSection(SolutionProperties) = preSolution
		HideSolutionNode = FALSE
	EndGlobalSection
	GlobalSection(ExtensibilityGlobals) = postSolution
		SolutionGuid = {977ED1CF-E666-4ACA-86BA-6EBA4811678F}
	EndGlobalSection
EndGlobal
